
Microsoft Visual Studio Solution File, Format Version 12.00
# Visual Studio 15
VisualStudioVersion = 15.0.28307.421
MinimumVisualStudioVersion = 10.0.40219.1
Project("{FAE04EC0-301F-11D3-BF4B-00C04F79EFBC}") = "CarLotMVC", "CarLotMVC\CarLotMVC.csproj", "{D83F557F-E64A-4850-8883-693DF6AE65BD}"
EndProject
Global
	GlobalSection(SolutionConfigurationPlatforms) = preSolution
		Debug|Any CPU = Debug|Any CPU
		Release|Any CPU = Release|Any CPU
	EndGlobalSection
	GlobalSection(ProjectConfigurationPlatforms) = postSolution
		{D83F557F-E64A-4850-8883-693DF6AE65BD}.Debug|Any CPU.ActiveCfg = Debug|Any CPU
		{D83F557F-E64A-4850-8883-693DF6AE65BD}.Debug|Any CPU.Build.0 = Debug|Any CPU
		{D83F557F-E64A-4850-8883-693DF6AE65BD}.Release|Any CPU.ActiveCfg = Release|Any CPU
		{D83F557F-E64A-4850-8883-693DF6AE65BD}.Release|Any CPU.Build.0 = Release|Any CPU
	EndGlobalSection
	GlobalSection(SolutionProperties) = preSolution
		HideSolutionNode = FALSE
	EndGlobalSection
	GlobalSection(ExtensibilityGlobals) = postSolution
		SolutionGuid = {4A6EA517-4EE0-4A88-9FE8-B6354E54FC73}
	EndGlobalSection
EndGlobal
